
Microsoft Visual Studio Solution File, Format Version 12.00
# Visual Studio Version 17
VisualStudioVersion = 17.5.33530.505
MinimumVisualStudioVersion = 10.0.40219.1
Project("{FAE04EC0-301F-11D3-BF4B-00C04F79EFBC}") = "VIRTUAL WARDROBE MANAGEMENT SYSTEM", "VIRTUAL WARDROBE MANAGEMENT SYSTEM\VIRTUAL WARDROBE MANAGEMENT SYSTEM.csproj", "{FED3CA3C-D3FA-4095-9013-BB685C824FB8}"
EndProject
Global
	GlobalSection(SolutionConfigurationPlatforms) = preSolution
		Debug|Any CPU = Debug|Any CPU
		Release|Any CPU = Release|Any CPU
	EndGlobalSection
	GlobalSection(ProjectConfigurationPlatforms) = postSolution
		{FED3CA3C-D3FA-4095-9013-BB685C824FB8}.Debug|Any CPU.ActiveCfg = Debug|Any CPU
		{FED3CA3C-D3FA-4095-9013-BB685C824FB8}.Debug|Any CPU.Build.0 = Debug|Any CPU
		{FED3CA3C-D3FA-4095-9013-BB685C824FB8}.Release|Any CPU.ActiveCfg = Release|Any CPU
		{FED3CA3C-D3FA-4095-9013-BB685C824FB8}.Release|Any CPU.Build.0 = Release|Any CPU
	EndGlobalSection
	GlobalSection(SolutionProperties) = preSolution
		HideSolutionNode = FALSE
	EndGlobalSection
	GlobalSection(ExtensibilityGlobals) = postSolution
		SolutionGuid = {34CDF3E9-E84F-42DA-8790-BAD598D3895A}
	EndGlobalSection
EndGlobal
